// !$*UTF8*$!
{
	archiveVersion = 1;
	classes = {
	};
	objectVersion = 56;
	objects = {

/* Begin PBXBuildFile section */
		A1B2C3D4E5F60001000001AA /* IonRemoteApp.swift in Sources */ = {isa = PBXBuildFile; fileRef = A1B2C3D4E5F60001000002AA /* IonRemoteApp.swift */; };
		A1B2C3D4E5F60001000003AA /* NormalizedEvent.swift in Sources */ = {isa = PBXBuildFile; fileRef = A1B2C3D4E5F60001000004AA /* NormalizedEvent.swift */; };
		A1B2C3D4E5F60001000005AA /* RemoteTabState.swift in Sources */ = {isa = PBXBuildFile; fileRef = A1B2C3D4E5F60001000006AA /* RemoteTabState.swift */; };
		A1B2C3D4E5F60001000007AA /* RemoteCommand.swift in Sources */ = {isa = PBXBuildFile; fileRef = A1B2C3D4E5F60001000008AA /* RemoteCommand.swift */; };
		A1B2C3D4E5F60001000009AA /* PairedDevice.swift in Sources */ = {isa = PBXBuildFile; fileRef = A1B2C3D4E5F6000100000AAA /* PairedDevice.swift */; };
		A1B2C3D4E5F6000100000BAA /* RelayClient.swift in Sources */ = {isa = PBXBuildFile; fileRef = A1B2C3D4E5F6000100000CAA /* RelayClient.swift */; };
		A1B2C3D4E5F6000100000DAA /* LANClient.swift in Sources */ = {isa = PBXBuildFile; fileRef = A1B2C3D4E5F6000100000EAA /* LANClient.swift */; };
		A1B2C3D4E5F6000100000FAA /* TransportManager.swift in Sources */ = {isa = PBXBuildFile; fileRef = A1B2C3D4E5F60001000010AA /* TransportManager.swift */; };
		A1B2C3D4E5F60001000011AA /* BonjourBrowser.swift in Sources */ = {isa = PBXBuildFile; fileRef = A1B2C3D4E5F60001000012AA /* BonjourBrowser.swift */; };
		A1B2C3D4E5F60001000013AA /* E2ECrypto.swift in Sources */ = {isa = PBXBuildFile; fileRef = A1B2C3D4E5F60001000014AA /* E2ECrypto.swift */; };
		A1B2C3D4E5F60001000015AA /* KeychainStore.swift in Sources */ = {isa = PBXBuildFile; fileRef = A1B2C3D4E5F60001000016AA /* KeychainStore.swift */; };
		A1B2C3D4E5F60001000017AA /* TabListView.swift in Sources */ = {isa = PBXBuildFile; fileRef = A1B2C3D4E5F60001000018AA /* TabListView.swift */; };
		A1B2C3D4E5F60001000019AA /* ConversationView.swift in Sources */ = {isa = PBXBuildFile; fileRef = A1B2C3D4E5F6000100001AAA /* ConversationView.swift */; };
		A1B2C3D4E5F6000100001BAA /* PermissionCardView.swift in Sources */ = {isa = PBXBuildFile; fileRef = A1B2C3D4E5F6000100001CAA /* PermissionCardView.swift */; };
		A1B2C3D4E5F6000100001DAA /* PairingView.swift in Sources */ = {isa = PBXBuildFile; fileRef = A1B2C3D4E5F6000100001EAA /* PairingView.swift */; };
		A1B2C3D4E5F6000100001FAA /* SettingsView.swift in Sources */ = {isa = PBXBuildFile; fileRef = A1B2C3D4E5F60001000020AA /* SettingsView.swift */; };
		A1B2C3D4E5F60001000021AA /* SessionViewModel.swift in Sources */ = {isa = PBXBuildFile; fileRef = A1B2C3D4E5F60001000022AA /* SessionViewModel.swift */; };
		A1B2C3D4E5F60001000023AA /* Assets.xcassets in Resources */ = {isa = PBXBuildFile; fileRef = A1B2C3D4E5F60001000024AA /* Assets.xcassets */; };
		A1B2C3D4E5F60001000027AA /* E2ECryptoTests.swift in Sources */ = {isa = PBXBuildFile; fileRef = A1B2C3D4E5F60001000028AA /* E2ECryptoTests.swift */; };
		A1B2C3D4E5F60001000029AA /* TransportManagerTests.swift in Sources */ = {isa = PBXBuildFile; fileRef = A1B2C3D4E5F6000100002AAA /* TransportManagerTests.swift */; };
		A1B2C3D4E5F6000100002BAA /* RelayClientTests.swift in Sources */ = {isa = PBXBuildFile; fileRef = A1B2C3D4E5F6000100002CAA /* RelayClientTests.swift */; };
		A1B2C3D4E5F60001000090AA /* Message.swift in Sources */ = {isa = PBXBuildFile; fileRef = A1B2C3D4E5F60001000091AA /* Message.swift */; };
		A1B2C3D4E5F60001000092AA /* MessageAttachment.swift in Sources */ = {isa = PBXBuildFile; fileRef = A1B2C3D4E5F60001000093AA /* MessageAttachment.swift */; };
		A1B2C3D4E5F60001000094AA /* InputBar.swift in Sources */ = {isa = PBXBuildFile; fileRef = A1B2C3D4E5F60001000095AA /* InputBar.swift */; };
		A1B2C3D4E5F60001000096AA /* AskUserQuestionCardView.swift in Sources */ = {isa = PBXBuildFile; fileRef = A1B2C3D4E5F60001000097AA /* AskUserQuestionCardView.swift */; };
		A1B2C3D4E5F60001000098AA /* PlanApprovalCardView.swift in Sources */ = {isa = PBXBuildFile; fileRef = A1B2C3D4E5F60001000099AA /* PlanApprovalCardView.swift */; };
		A1B2C3D4E5F600010000A0AA /* TerminalOutputRouter.swift in Sources */ = {isa = PBXBuildFile; fileRef = A1B2C3D4E5F600010000A1AA /* TerminalOutputRouter.swift */; };
		A1B2C3D4E5F600010000A2AA /* SwiftTermWrapper.swift in Sources */ = {isa = PBXBuildFile; fileRef = A1B2C3D4E5F600010000A3AA /* SwiftTermWrapper.swift */; };
		A1B2C3D4E5F600010000A4AA /* RemoteTerminalView.swift in Sources */ = {isa = PBXBuildFile; fileRef = A1B2C3D4E5F600010000A5AA /* RemoteTerminalView.swift */; };
		A1B2C3D4E5F600010000A6AA /* TerminalInstanceBar.swift in Sources */ = {isa = PBXBuildFile; fileRef = A1B2C3D4E5F600010000A7AA /* TerminalInstanceBar.swift */; };
		A1B2C3D4E5F600010000B0AA /* SwiftTerm in Frameworks */ = {isa = PBXBuildFile; productRef = A1B2C3D4E5F600010000B1AA /* SwiftTerm */; };
		A1B2C3D4E5F600010000C0AA /* JetBrainsMonoNLNerdFontMono-Regular.ttf in Resources */ = {isa = PBXBuildFile; fileRef = A1B2C3D4E5F600010000C1AA /* JetBrainsMonoNLNerdFontMono-Regular.ttf */; };
		A1B2C3D4E5F600010000C2AA /* OFL.txt in Resources */ = {isa = PBXBuildFile; fileRef = A1B2C3D4E5F600010000C3AA /* OFL.txt */; };
		A1B2C3D4E5F600010000D0AA /* EngineView.swift in Sources */ = {isa = PBXBuildFile; fileRef = A1B2C3D4E5F600010000D1AA /* EngineView.swift */; };
		A1B2C3D4E5F600010000D2AA /* AnsiParser.swift in Sources */ = {isa = PBXBuildFile; fileRef = A1B2C3D4E5F600010000D3AA /* AnsiParser.swift */; };
		A1B2C3D4E5F600010000E0AA /* AgentBarRow.swift in Sources */ = {isa = PBXBuildFile; fileRef = A1B2C3D4E5F600010000E1AA /* AgentBarRow.swift */; };
		A1B2C3D4E5F600010000E2AA /* EngineFooterView.swift in Sources */ = {isa = PBXBuildFile; fileRef = A1B2C3D4E5F600010000E3AA /* EngineFooterView.swift */; };
		A1B2C3D4E5F600010000F0AA /* EngineProfile.swift in Sources */ = {isa = PBXBuildFile; fileRef = A1B2C3D4E5F600010000F1AA /* EngineProfile.swift */; };
		A1B2C3D4E5F600010000F2AA /* KeyboardUtilityBar.swift in Sources */ = {isa = PBXBuildFile; fileRef = A1B2C3D4E5F600010000F3AA /* KeyboardUtilityBar.swift */; };
		A1B2C3D4E5F600010000F4AA /* EngineInstanceBar.swift in Sources */ = {isa = PBXBuildFile; fileRef = A1B2C3D4E5F600010000F5AA /* EngineInstanceBar.swift */; };
		A1B2C3D4E5F600010000F6AA /* MarkdownFormatter.swift in Sources */ = {isa = PBXBuildFile; fileRef = A1B2C3D4E5F600010000F7AA /* MarkdownFormatter.swift */; };
		A1B2C3D4E5F600010000F8AA /* PlanFullScreenView.swift in Sources */ = {isa = PBXBuildFile; fileRef = A1B2C3D4E5F600010000F9AA /* PlanFullScreenView.swift */; };
		A1B2C3D4E5F600010000FAAA /* MarkdownContentView.swift in Sources */ = {isa = PBXBuildFile; fileRef = A1B2C3D4E5F600010000FBAA /* MarkdownContentView.swift */; };
		A1B2C3D4E5F60001000200AA /* SessionViewModel+Lifecycle.swift in Sources */ = {isa = PBXBuildFile; fileRef = A1B2C3D4E5F60001000201AA /* SessionViewModel+Lifecycle.swift */; };
		A1B2C3D4E5F60001000202AA /* SessionViewModel+Pairing.swift in Sources */ = {isa = PBXBuildFile; fileRef = A1B2C3D4E5F60001000203AA /* SessionViewModel+Pairing.swift */; };
		A1B2C3D4E5F60001000204AA /* SessionViewModel+Commands.swift in Sources */ = {isa = PBXBuildFile; fileRef = A1B2C3D4E5F60001000205AA /* SessionViewModel+Commands.swift */; };
		A1B2C3D4E5F60001000206AA /* SessionViewModel+EventHandlers.swift in Sources */ = {isa = PBXBuildFile; fileRef = A1B2C3D4E5F60001000207AA /* SessionViewModel+EventHandlers.swift */; };
		A1B2C3D4E5F60001000208AA /* SessionViewModel+EngineEvents.swift in Sources */ = {isa = PBXBuildFile; fileRef = A1B2C3D4E5F60001000209AA /* SessionViewModel+EngineEvents.swift */; };
		A1B2C3D4E5F60001000220AA /* TransportManager+Send.swift in Sources */ = {isa = PBXBuildFile; fileRef = A1B2C3D4E5F60001000221AA /* TransportManager+Send.swift */; };
		A1B2C3D4E5F60001000222AA /* TransportManager+Receive.swift in Sources */ = {isa = PBXBuildFile; fileRef = A1B2C3D4E5F60001000223AA /* TransportManager+Receive.swift */; };
		A1B2C3D4E5F60001000230AA /* NormalizedEvent+Lifecycle.swift in Sources */ = {isa = PBXBuildFile; fileRef = A1B2C3D4E5F60001000231AA /* NormalizedEvent+Lifecycle.swift */; };
		A1B2C3D4E5F60001000232AA /* NormalizedEvent+Stream.swift in Sources */ = {isa = PBXBuildFile; fileRef = A1B2C3D4E5F60001000233AA /* NormalizedEvent+Stream.swift */; };
		A1B2C3D4E5F60001000234AA /* NormalizedEvent+Permission.swift in Sources */ = {isa = PBXBuildFile; fileRef = A1B2C3D4E5F60001000235AA /* NormalizedEvent+Permission.swift */; };
		A1B2C3D4E5F60001000236AA /* NormalizedEvent+Terminal.swift in Sources */ = {isa = PBXBuildFile; fileRef = A1B2C3D4E5F60001000237AA /* NormalizedEvent+Terminal.swift */; };
		A1B2C3D4E5F60001000238AA /* NormalizedEvent+Engine.swift in Sources */ = {isa = PBXBuildFile; fileRef = A1B2C3D4E5F60001000239AA /* NormalizedEvent+Engine.swift */; };
		A1B2C3D4E5F60001000301AA /* GitTypes.swift in Sources */ = {isa = PBXBuildFile; fileRef = A1B2C3D4E5F60001000300AA /* GitTypes.swift */; };
		A1B2C3D4E5F60001000303AA /* NormalizedEvent+Git.swift in Sources */ = {isa = PBXBuildFile; fileRef = A1B2C3D4E5F60001000302AA /* NormalizedEvent+Git.swift */; };
		A1B2C3D4E5F60001000305AA /* GitPaneView.swift in Sources */ = {isa = PBXBuildFile; fileRef = A1B2C3D4E5F60001000304AA /* GitPaneView.swift */; };
		A1B2C3D4E5F60001000307AA /* GitChangesListView.swift in Sources */ = {isa = PBXBuildFile; fileRef = A1B2C3D4E5F60001000306AA /* GitChangesListView.swift */; };
		A1B2C3D4E5F60001000309AA /* GitGraphListView.swift in Sources */ = {isa = PBXBuildFile; fileRef = A1B2C3D4E5F60001000308AA /* GitGraphListView.swift */; };
		A1B2C3D4E5F60001000311AA /* GitDiffView.swift in Sources */ = {isa = PBXBuildFile; fileRef = A1B2C3D4E5F60001000310AA /* GitDiffView.swift */; };
		A1B2C3D4E5F60001000401AA /* FileTypes.swift in Sources */ = {isa = PBXBuildFile; fileRef = A1B2C3D4E5F60001000400AA /* FileTypes.swift */; };
		A1B2C3D4E5F60001000403AA /* NormalizedEvent+Files.swift in Sources */ = {isa = PBXBuildFile; fileRef = A1B2C3D4E5F60001000402AA /* NormalizedEvent+Files.swift */; };
		A1B2C3D4E5F60001000405AA /* FileExplorerView.swift in Sources */ = {isa = PBXBuildFile; fileRef = A1B2C3D4E5F60001000404AA /* FileExplorerView.swift */; };
		A1B2C3D4E5F60001000407AA /* FileExplorerRowView.swift in Sources */ = {isa = PBXBuildFile; fileRef = A1B2C3D4E5F60001000406AA /* FileExplorerRowView.swift */; };
		A1B2C3D4E5F60001000409AA /* FileEditorView.swift in Sources */ = {isa = PBXBuildFile; fileRef = A1B2C3D4E5F60001000408AA /* FileEditorView.swift */; };
		A1B2C3D4E5F60001000501AA /* ConnectionQuality.swift in Sources */ = {isa = PBXBuildFile; fileRef = A1B2C3D4E5F60001000500AA /* ConnectionQuality.swift */; };
		A1B2C3D4E5F60001000503AA /* ConnectionQualityView.swift in Sources */ = {isa = PBXBuildFile; fileRef = A1B2C3D4E5F60001000502AA /* ConnectionQualityView.swift */; };
		A1B2C3D4E5F60001000240AA /* NormalizedEventStreamTests.swift in Sources */ = {isa = PBXBuildFile; fileRef = A1B2C3D4E5F60001000241AA /* NormalizedEventStreamTests.swift */; };
		A1B2C3D4E5F60001000242AA /* NormalizedEventPermissionTests.swift in Sources */ = {isa = PBXBuildFile; fileRef = A1B2C3D4E5F60001000243AA /* NormalizedEventPermissionTests.swift */; };
		A1B2C3D4E5F60001000244AA /* NormalizedEventLifecycleTests.swift in Sources */ = {isa = PBXBuildFile; fileRef = A1B2C3D4E5F60001000245AA /* NormalizedEventLifecycleTests.swift */; };
		A1B2C3D4E5F60001000246AA /* NormalizedEventTerminalTests.swift in Sources */ = {isa = PBXBuildFile; fileRef = A1B2C3D4E5F60001000247AA /* NormalizedEventTerminalTests.swift */; };
		A1B2C3D4E5F60001000600AA /* DiscoveredSlashCommand.swift in Sources */ = {isa = PBXBuildFile; fileRef = A1B2C3D4E5F60001000601AA /* DiscoveredSlashCommand.swift */; };
		A1B2C3D4E5F60001000602AA /* SlashCommandMenu.swift in Sources */ = {isa = PBXBuildFile; fileRef = A1B2C3D4E5F60001000603AA /* SlashCommandMenu.swift */; };
		A1B2C3D4E5F60001000700AA /* MessageBubble.swift in Sources */ = {isa = PBXBuildFile; fileRef = A1B2C3D4E5F60001000701AA /* MessageBubble.swift */; };
		A1B2C3D4E5F60001000702AA /* ToolGroupView.swift in Sources */ = {isa = PBXBuildFile; fileRef = A1B2C3D4E5F60001000703AA /* ToolGroupView.swift */; };
		A1B2C3D4E5F60001000704AA /* ToolGrouping.swift in Sources */ = {isa = PBXBuildFile; fileRef = A1B2C3D4E5F60001000705AA /* ToolGrouping.swift */; };
		A1B2C3D4E5F60001000800AA /* ActivityIndicatorView.swift in Sources */ = {isa = PBXBuildFile; fileRef = A1B2C3D4E5F60001000801AA /* ActivityIndicatorView.swift */; };
/* End PBXBuildFile section */

/* Begin PBXContainerItemProxy section */
		A1B2C3D4E5F6000100002DAA /* PBXContainerItemProxy */ = {
			isa = PBXContainerItemProxy;
			containerPortal = A1B2C3D4E5F60001000030AA /* Project object */;
			proxyType = 1;
			remoteGlobalIDString = A1B2C3D4E5F60001000031AA;
			remoteInfo = IonRemote;
		};
/* End PBXContainerItemProxy section */

/* Begin PBXFileReference section */
		A1B2C3D4E5F60001000002AA /* IonRemoteApp.swift */ = {isa = PBXFileReference; lastKnownFileType = sourcecode.swift; path = IonRemoteApp.swift; sourceTree = "<group>"; };
		A1B2C3D4E5F60001000004AA /* NormalizedEvent.swift */ = {isa = PBXFileReference; lastKnownFileType = sourcecode.swift; path = NormalizedEvent.swift; sourceTree = "<group>"; };
		A1B2C3D4E5F60001000006AA /* RemoteTabState.swift */ = {isa = PBXFileReference; lastKnownFileType = sourcecode.swift; path = RemoteTabState.swift; sourceTree = "<group>"; };
		A1B2C3D4E5F60001000008AA /* RemoteCommand.swift */ = {isa = PBXFileReference; lastKnownFileType = sourcecode.swift; path = RemoteCommand.swift; sourceTree = "<group>"; };
		A1B2C3D4E5F6000100000AAA /* PairedDevice.swift */ = {isa = PBXFileReference; lastKnownFileType = sourcecode.swift; path = PairedDevice.swift; sourceTree = "<group>"; };
		A1B2C3D4E5F6000100000CAA /* RelayClient.swift */ = {isa = PBXFileReference; lastKnownFileType = sourcecode.swift; path = RelayClient.swift; sourceTree = "<group>"; };
		A1B2C3D4E5F6000100000EAA /* LANClient.swift */ = {isa = PBXFileReference; lastKnownFileType = sourcecode.swift; path = LANClient.swift; sourceTree = "<group>"; };
		A1B2C3D4E5F60001000010AA /* TransportManager.swift */ = {isa = PBXFileReference; lastKnownFileType = sourcecode.swift; path = TransportManager.swift; sourceTree = "<group>"; };
		A1B2C3D4E5F60001000012AA /* BonjourBrowser.swift */ = {isa = PBXFileReference; lastKnownFileType = sourcecode.swift; path = BonjourBrowser.swift; sourceTree = "<group>"; };
		A1B2C3D4E5F60001000014AA /* E2ECrypto.swift */ = {isa = PBXFileReference; lastKnownFileType = sourcecode.swift; path = E2ECrypto.swift; sourceTree = "<group>"; };
		A1B2C3D4E5F60001000016AA /* KeychainStore.swift */ = {isa = PBXFileReference; lastKnownFileType = sourcecode.swift; path = KeychainStore.swift; sourceTree = "<group>"; };
		A1B2C3D4E5F60001000018AA /* TabListView.swift */ = {isa = PBXFileReference; lastKnownFileType = sourcecode.swift; path = TabListView.swift; sourceTree = "<group>"; };
		A1B2C3D4E5F6000100001AAA /* ConversationView.swift */ = {isa = PBXFileReference; lastKnownFileType = sourcecode.swift; path = ConversationView.swift; sourceTree = "<group>"; };
		A1B2C3D4E5F6000100001CAA /* PermissionCardView.swift */ = {isa = PBXFileReference; lastKnownFileType = sourcecode.swift; path = PermissionCardView.swift; sourceTree = "<group>"; };
		A1B2C3D4E5F6000100001EAA /* PairingView.swift */ = {isa = PBXFileReference; lastKnownFileType = sourcecode.swift; path = PairingView.swift; sourceTree = "<group>"; };
		A1B2C3D4E5F60001000020AA /* SettingsView.swift */ = {isa = PBXFileReference; lastKnownFileType = sourcecode.swift; path = SettingsView.swift; sourceTree = "<group>"; };
		A1B2C3D4E5F60001000022AA /* SessionViewModel.swift */ = {isa = PBXFileReference; lastKnownFileType = sourcecode.swift; path = SessionViewModel.swift; sourceTree = "<group>"; };
		A1B2C3D4E5F60001000024AA /* Assets.xcassets */ = {isa = PBXFileReference; lastKnownFileType = folder.assetcatalog; path = Assets.xcassets; sourceTree = "<group>"; };
		A1B2C3D4E5F60001000028AA /* E2ECryptoTests.swift */ = {isa = PBXFileReference; lastKnownFileType = sourcecode.swift; path = E2ECryptoTests.swift; sourceTree = "<group>"; };
		A1B2C3D4E5F6000100002AAA /* TransportManagerTests.swift */ = {isa = PBXFileReference; lastKnownFileType = sourcecode.swift; path = TransportManagerTests.swift; sourceTree = "<group>"; };
		A1B2C3D4E5F6000100002CAA /* RelayClientTests.swift */ = {isa = PBXFileReference; lastKnownFileType = sourcecode.swift; path = RelayClientTests.swift; sourceTree = "<group>"; };
		A1B2C3D4E5F6000100002EAA /* Info.plist */ = {isa = PBXFileReference; lastKnownFileType = text.plist.xml; path = Info.plist; sourceTree = "<group>"; };
		A1B2C3D4E5F6000100002FAA /* IonRemote.entitlements */ = {isa = PBXFileReference; lastKnownFileType = text.plist.entitlements; path = IonRemote.entitlements; sourceTree = "<group>"; };
		A1B2C3D4E5F60001000032AA /* IonRemote.app */ = {isa = PBXFileReference; explicitFileType = wrapper.application; includeInIndex = 0; path = IonRemote.app; sourceTree = BUILT_PRODUCTS_DIR; };
		A1B2C3D4E5F60001000033AA /* IonRemoteTests.xctest */ = {isa = PBXFileReference; explicitFileType = wrapper.cfbundle; includeInIndex = 0; path = IonRemoteTests.xctest; sourceTree = BUILT_PRODUCTS_DIR; };
		A1B2C3D4E5F60001000091AA /* Message.swift */ = {isa = PBXFileReference; lastKnownFileType = sourcecode.swift; path = Message.swift; sourceTree = "<group>"; };
		A1B2C3D4E5F60001000093AA /* MessageAttachment.swift */ = {isa = PBXFileReference; lastKnownFileType = sourcecode.swift; path = MessageAttachment.swift; sourceTree = "<group>"; };
		A1B2C3D4E5F60001000095AA /* InputBar.swift */ = {isa = PBXFileReference; lastKnownFileType = sourcecode.swift; path = InputBar.swift; sourceTree = "<group>"; };
		A1B2C3D4E5F60001000097AA /* AskUserQuestionCardView.swift */ = {isa = PBXFileReference; lastKnownFileType = sourcecode.swift; path = AskUserQuestionCardView.swift; sourceTree = "<group>"; };
		A1B2C3D4E5F60001000099AA /* PlanApprovalCardView.swift */ = {isa = PBXFileReference; lastKnownFileType = sourcecode.swift; path = PlanApprovalCardView.swift; sourceTree = "<group>"; };
		A1B2C3D4E5F600010000A1AA /* TerminalOutputRouter.swift */ = {isa = PBXFileReference; lastKnownFileType = sourcecode.swift; path = TerminalOutputRouter.swift; sourceTree = "<group>"; };
		A1B2C3D4E5F600010000A3AA /* SwiftTermWrapper.swift */ = {isa = PBXFileReference; lastKnownFileType = sourcecode.swift; path = SwiftTermWrapper.swift; sourceTree = "<group>"; };
		A1B2C3D4E5F600010000A5AA /* RemoteTerminalView.swift */ = {isa = PBXFileReference; lastKnownFileType = sourcecode.swift; path = RemoteTerminalView.swift; sourceTree = "<group>"; };
		A1B2C3D4E5F600010000A7AA /* TerminalInstanceBar.swift */ = {isa = PBXFileReference; lastKnownFileType = sourcecode.swift; path = TerminalInstanceBar.swift; sourceTree = "<group>"; };
		A1B2C3D4E5F600010000C1AA /* JetBrainsMonoNLNerdFontMono-Regular.ttf */ = {isa = PBXFileReference; lastKnownFileType = file; path = "JetBrainsMonoNLNerdFontMono-Regular.ttf"; sourceTree = "<group>"; };
		A1B2C3D4E5F600010000C3AA /* OFL.txt */ = {isa = PBXFileReference; lastKnownFileType = text; path = OFL.txt; sourceTree = "<group>"; };
		A1B2C3D4E5F600010000D1AA /* EngineView.swift */ = {isa = PBXFileReference; lastKnownFileType = sourcecode.swift; path = EngineView.swift; sourceTree = "<group>"; };
		A1B2C3D4E5F600010000D3AA /* AnsiParser.swift */ = {isa = PBXFileReference; lastKnownFileType = sourcecode.swift; path = AnsiParser.swift; sourceTree = "<group>"; };
		A1B2C3D4E5F600010000E1AA /* AgentBarRow.swift */ = {isa = PBXFileReference; lastKnownFileType = sourcecode.swift; path = AgentBarRow.swift; sourceTree = "<group>"; };
		A1B2C3D4E5F600010000E3AA /* EngineFooterView.swift */ = {isa = PBXFileReference; lastKnownFileType = sourcecode.swift; path = EngineFooterView.swift; sourceTree = "<group>"; };
		A1B2C3D4E5F600010000F1AA /* EngineProfile.swift */ = {isa = PBXFileReference; lastKnownFileType = sourcecode.swift; path = EngineProfile.swift; sourceTree = "<group>"; };
		A1B2C3D4E5F600010000F3AA /* KeyboardUtilityBar.swift */ = {isa = PBXFileReference; lastKnownFileType = sourcecode.swift; path = KeyboardUtilityBar.swift; sourceTree = "<group>"; };
		A1B2C3D4E5F600010000F5AA /* EngineInstanceBar.swift */ = {isa = PBXFileReference; lastKnownFileType = sourcecode.swift; path = EngineInstanceBar.swift; sourceTree = "<group>"; };
		A1B2C3D4E5F600010000F7AA /* MarkdownFormatter.swift */ = {isa = PBXFileReference; lastKnownFileType = sourcecode.swift; path = MarkdownFormatter.swift; sourceTree = "<group>"; };
		A1B2C3D4E5F600010000F9AA /* PlanFullScreenView.swift */ = {isa = PBXFileReference; lastKnownFileType = sourcecode.swift; path = PlanFullScreenView.swift; sourceTree = "<group>"; };
		A1B2C3D4E5F600010000FBAA /* MarkdownContentView.swift */ = {isa = PBXFileReference; lastKnownFileType = sourcecode.swift; path = MarkdownContentView.swift; sourceTree = "<group>"; };
		A1B2C3D4E5F60001000201AA /* SessionViewModel+Lifecycle.swift */ = {isa = PBXFileReference; lastKnownFileType = sourcecode.swift; path = "SessionViewModel+Lifecycle.swift"; sourceTree = "<group>"; };
		A1B2C3D4E5F60001000203AA /* SessionViewModel+Pairing.swift */ = {isa = PBXFileReference; lastKnownFileType = sourcecode.swift; path = "SessionViewModel+Pairing.swift"; sourceTree = "<group>"; };
		A1B2C3D4E5F60001000205AA /* SessionViewModel+Commands.swift */ = {isa = PBXFileReference; lastKnownFileType = sourcecode.swift; path = "SessionViewModel+Commands.swift"; sourceTree = "<group>"; };
		A1B2C3D4E5F60001000207AA /* SessionViewModel+EventHandlers.swift */ = {isa = PBXFileReference; lastKnownFileType = sourcecode.swift; path = "SessionViewModel+EventHandlers.swift"; sourceTree = "<group>"; };
		A1B2C3D4E5F60001000209AA /* SessionViewModel+EngineEvents.swift */ = {isa = PBXFileReference; lastKnownFileType = sourcecode.swift; path = "SessionViewModel+EngineEvents.swift"; sourceTree = "<group>"; };
		A1B2C3D4E5F60001000221AA /* TransportManager+Send.swift */ = {isa = PBXFileReference; lastKnownFileType = sourcecode.swift; path = "TransportManager+Send.swift"; sourceTree = "<group>"; };
		A1B2C3D4E5F60001000223AA /* TransportManager+Receive.swift */ = {isa = PBXFileReference; lastKnownFileType = sourcecode.swift; path = "TransportManager+Receive.swift"; sourceTree = "<group>"; };
		A1B2C3D4E5F60001000231AA /* NormalizedEvent+Lifecycle.swift */ = {isa = PBXFileReference; lastKnownFileType = sourcecode.swift; path = "NormalizedEvent+Lifecycle.swift"; sourceTree = "<group>"; };
		A1B2C3D4E5F60001000233AA /* NormalizedEvent+Stream.swift */ = {isa = PBXFileReference; lastKnownFileType = sourcecode.swift; path = "NormalizedEvent+Stream.swift"; sourceTree = "<group>"; };
		A1B2C3D4E5F60001000235AA /* NormalizedEvent+Permission.swift */ = {isa = PBXFileReference; lastKnownFileType = sourcecode.swift; path = "NormalizedEvent+Permission.swift"; sourceTree = "<group>"; };
		A1B2C3D4E5F60001000237AA /* NormalizedEvent+Terminal.swift */ = {isa = PBXFileReference; lastKnownFileType = sourcecode.swift; path = "NormalizedEvent+Terminal.swift"; sourceTree = "<group>"; };
		A1B2C3D4E5F60001000239AA /* NormalizedEvent+Engine.swift */ = {isa = PBXFileReference; lastKnownFileType = sourcecode.swift; path = "NormalizedEvent+Engine.swift"; sourceTree = "<group>"; };
		A1B2C3D4E5F60001000300AA /* GitTypes.swift */ = {isa = PBXFileReference; lastKnownFileType = sourcecode.swift; path = GitTypes.swift; sourceTree = "<group>"; };
		A1B2C3D4E5F60001000302AA /* NormalizedEvent+Git.swift */ = {isa = PBXFileReference; lastKnownFileType = sourcecode.swift; path = "NormalizedEvent+Git.swift"; sourceTree = "<group>"; };
		A1B2C3D4E5F60001000304AA /* GitPaneView.swift */ = {isa = PBXFileReference; lastKnownFileType = sourcecode.swift; path = GitPaneView.swift; sourceTree = "<group>"; };
		A1B2C3D4E5F60001000306AA /* GitChangesListView.swift */ = {isa = PBXFileReference; lastKnownFileType = sourcecode.swift; path = GitChangesListView.swift; sourceTree = "<group>"; };
		A1B2C3D4E5F60001000308AA /* GitGraphListView.swift */ = {isa = PBXFileReference; lastKnownFileType = sourcecode.swift; path = GitGraphListView.swift; sourceTree = "<group>"; };
		A1B2C3D4E5F60001000310AA /* GitDiffView.swift */ = {isa = PBXFileReference; lastKnownFileType = sourcecode.swift; path = GitDiffView.swift; sourceTree = "<group>"; };
		A1B2C3D4E5F60001000400AA /* FileTypes.swift */ = {isa = PBXFileReference; lastKnownFileType = sourcecode.swift; path = FileTypes.swift; sourceTree = "<group>"; };
		A1B2C3D4E5F60001000402AA /* NormalizedEvent+Files.swift */ = {isa = PBXFileReference; lastKnownFileType = sourcecode.swift; path = "NormalizedEvent+Files.swift"; sourceTree = "<group>"; };
		A1B2C3D4E5F60001000404AA /* FileExplorerView.swift */ = {isa = PBXFileReference; lastKnownFileType = sourcecode.swift; path = FileExplorerView.swift; sourceTree = "<group>"; };
		A1B2C3D4E5F60001000406AA /* FileExplorerRowView.swift */ = {isa = PBXFileReference; lastKnownFileType = sourcecode.swift; path = FileExplorerRowView.swift; sourceTree = "<group>"; };
		A1B2C3D4E5F60001000408AA /* FileEditorView.swift */ = {isa = PBXFileReference; lastKnownFileType = sourcecode.swift; path = FileEditorView.swift; sourceTree = "<group>"; };
		A1B2C3D4E5F60001000500AA /* ConnectionQuality.swift */ = {isa = PBXFileReference; lastKnownFileType = sourcecode.swift; path = ConnectionQuality.swift; sourceTree = "<group>"; };
		A1B2C3D4E5F60001000502AA /* ConnectionQualityView.swift */ = {isa = PBXFileReference; lastKnownFileType = sourcecode.swift; path = ConnectionQualityView.swift; sourceTree = "<group>"; };
		A1B2C3D4E5F60001000241AA /* NormalizedEventStreamTests.swift */ = {isa = PBXFileReference; lastKnownFileType = sourcecode.swift; path = NormalizedEventStreamTests.swift; sourceTree = "<group>"; };
		A1B2C3D4E5F60001000243AA /* NormalizedEventPermissionTests.swift */ = {isa = PBXFileReference; lastKnownFileType = sourcecode.swift; path = NormalizedEventPermissionTests.swift; sourceTree = "<group>"; };
		A1B2C3D4E5F60001000245AA /* NormalizedEventLifecycleTests.swift */ = {isa = PBXFileReference; lastKnownFileType = sourcecode.swift; path = NormalizedEventLifecycleTests.swift; sourceTree = "<group>"; };
		A1B2C3D4E5F60001000247AA /* NormalizedEventTerminalTests.swift */ = {isa = PBXFileReference; lastKnownFileType = sourcecode.swift; path = NormalizedEventTerminalTests.swift; sourceTree = "<group>"; };
		A1B2C3D4E5F60001000601AA /* DiscoveredSlashCommand.swift */ = {isa = PBXFileReference; lastKnownFileType = sourcecode.swift; path = DiscoveredSlashCommand.swift; sourceTree = "<group>"; };
		A1B2C3D4E5F60001000603AA /* SlashCommandMenu.swift */ = {isa = PBXFileReference; lastKnownFileType = sourcecode.swift; path = SlashCommandMenu.swift; sourceTree = "<group>"; };
		A1B2C3D4E5F60001000701AA /* MessageBubble.swift */ = {isa = PBXFileReference; lastKnownFileType = sourcecode.swift; path = MessageBubble.swift; sourceTree = "<group>"; };
		A1B2C3D4E5F60001000703AA /* ToolGroupView.swift */ = {isa = PBXFileReference; lastKnownFileType = sourcecode.swift; path = ToolGroupView.swift; sourceTree = "<group>"; };
		A1B2C3D4E5F60001000705AA /* ToolGrouping.swift */ = {isa = PBXFileReference; lastKnownFileType = sourcecode.swift; path = ToolGrouping.swift; sourceTree = "<group>"; };
		A1B2C3D4E5F60001000801AA /* ActivityIndicatorView.swift */ = {isa = PBXFileReference; lastKnownFileType = sourcecode.swift; path = ActivityIndicatorView.swift; sourceTree = "<group>"; };
/* End PBXFileReference section */

/* Begin PBXFrameworksBuildPhase section */
		A1B2C3D4E5F60001000040AA /* Frameworks */ = {
			isa = PBXFrameworksBuildPhase;
			buildActionMask = 2147483647;
			files = (
				A1B2C3D4E5F600010000B0AA /* SwiftTerm in Frameworks */,
			);
			runOnlyForDeploymentPostprocessing = 0;
		};
		A1B2C3D4E5F60001000041AA /* Frameworks */ = {
			isa = PBXFrameworksBuildPhase;
			buildActionMask = 2147483647;
			files = (
			);
			runOnlyForDeploymentPostprocessing = 0;
		};
/* End PBXFrameworksBuildPhase section */

/* Begin PBXGroup section */
		A1B2C3D4E5F60001000050AA = {
			isa = PBXGroup;
			children = (
				A1B2C3D4E5F60001000051AA /* IonRemote */,
				A1B2C3D4E5F60001000059AA /* IonRemoteTests */,
				A1B2C3D4E5F60001000060AA /* Products */,
			);
			sourceTree = "<group>";
		};
		A1B2C3D4E5F60001000051AA /* IonRemote */ = {
			isa = PBXGroup;
			children = (
				A1B2C3D4E5F60001000052AA /* App */,
				A1B2C3D4E5F60001000053AA /* Models */,
				A1B2C3D4E5F60001000054AA /* Networking */,
				A1B2C3D4E5F60001000055AA /* Crypto */,
				A1B2C3D4E5F60001000056AA /* Views */,
				A1B2C3D4E5F60001000057AA /* ViewModels */,
				A1B2C3D4E5F600010000D4AA /* Utilities */,
			);
			path = IonRemote;
			sourceTree = "<group>";
		};
		A1B2C3D4E5F60001000052AA /* App */ = {
			isa = PBXGroup;
			children = (
				A1B2C3D4E5F60001000002AA /* IonRemoteApp.swift */,
				A1B2C3D4E5F60001000024AA /* Assets.xcassets */,
				A1B2C3D4E5F6000100002EAA /* Info.plist */,
				A1B2C3D4E5F6000100002FAA /* IonRemote.entitlements */,
				A1B2C3D4E5F600010000C4AA /* Fonts */,
			);
			path = App;
			sourceTree = "<group>";
		};
		A1B2C3D4E5F60001000053AA /* Models */ = {
			isa = PBXGroup;
			children = (
				A1B2C3D4E5F60001000004AA /* NormalizedEvent.swift */,
				A1B2C3D4E5F60001000231AA /* NormalizedEvent+Lifecycle.swift */,
				A1B2C3D4E5F60001000233AA /* NormalizedEvent+Stream.swift */,
				A1B2C3D4E5F60001000235AA /* NormalizedEvent+Permission.swift */,
				A1B2C3D4E5F60001000237AA /* NormalizedEvent+Terminal.swift */,
				A1B2C3D4E5F60001000239AA /* NormalizedEvent+Engine.swift */,
				A1B2C3D4E5F60001000302AA /* NormalizedEvent+Git.swift */,
				A1B2C3D4E5F60001000402AA /* NormalizedEvent+Files.swift */,
				A1B2C3D4E5F60001000006AA /* RemoteTabState.swift */,
				A1B2C3D4E5F60001000008AA /* RemoteCommand.swift */,
				A1B2C3D4E5F6000100000AAA /* PairedDevice.swift */,
				A1B2C3D4E5F60001000091AA /* Message.swift */,
				A1B2C3D4E5F60001000093AA /* MessageAttachment.swift */,
				A1B2C3D4E5F600010000F1AA /* EngineProfile.swift */,
				A1B2C3D4E5F60001000300AA /* GitTypes.swift */,
				A1B2C3D4E5F60001000400AA /* FileTypes.swift */,
				A1B2C3D4E5F60001000500AA /* ConnectionQuality.swift */,
				A1B2C3D4E5F60001000601AA /* DiscoveredSlashCommand.swift */,
			);
			path = Models;
			sourceTree = "<group>";
		};
		A1B2C3D4E5F60001000054AA /* Networking */ = {
			isa = PBXGroup;
			children = (
				A1B2C3D4E5F6000100000CAA /* RelayClient.swift */,
				A1B2C3D4E5F6000100000EAA /* LANClient.swift */,
				A1B2C3D4E5F60001000010AA /* TransportManager.swift */,
				A1B2C3D4E5F60001000221AA /* TransportManager+Send.swift */,
				A1B2C3D4E5F60001000223AA /* TransportManager+Receive.swift */,
				A1B2C3D4E5F60001000012AA /* BonjourBrowser.swift */,
				A1B2C3D4E5F600010000A1AA /* TerminalOutputRouter.swift */,
			);
			path = Networking;
			sourceTree = "<group>";
		};
		A1B2C3D4E5F60001000055AA /* Crypto */ = {
			isa = PBXGroup;
			children = (
				A1B2C3D4E5F60001000014AA /* E2ECrypto.swift */,
				A1B2C3D4E5F60001000016AA /* KeychainStore.swift */,
			);
			path = Crypto;
			sourceTree = "<group>";
		};
		A1B2C3D4E5F60001000056AA /* Views */ = {
			isa = PBXGroup;
			children = (
				A1B2C3D4E5F60001000018AA /* TabListView.swift */,
				A1B2C3D4E5F6000100001AAA /* ConversationView.swift */,
				A1B2C3D4E5F6000100001CAA /* PermissionCardView.swift */,
				A1B2C3D4E5F60001000097AA /* AskUserQuestionCardView.swift */,
				A1B2C3D4E5F60001000099AA /* PlanApprovalCardView.swift */,
				A1B2C3D4E5F600010000F9AA /* PlanFullScreenView.swift */,
				A1B2C3D4E5F600010000FBAA /* MarkdownContentView.swift */,
				A1B2C3D4E5F6000100001EAA /* PairingView.swift */,
				A1B2C3D4E5F60001000020AA /* SettingsView.swift */,
				A1B2C3D4E5F60001000095AA /* InputBar.swift */,
				A1B2C3D4E5F600010000F3AA /* KeyboardUtilityBar.swift */,
				A1B2C3D4E5F600010000A3AA /* SwiftTermWrapper.swift */,
				A1B2C3D4E5F600010000A5AA /* RemoteTerminalView.swift */,
				A1B2C3D4E5F600010000A7AA /* TerminalInstanceBar.swift */,
				A1B2C3D4E5F600010000D1AA /* EngineView.swift */,
				A1B2C3D4E5F600010000F5AA /* EngineInstanceBar.swift */,
				A1B2C3D4E5F600010000E1AA /* AgentBarRow.swift */,
				A1B2C3D4E5F600010000E3AA /* EngineFooterView.swift */,
				A1B2C3D4E5F60001000304AA /* GitPaneView.swift */,
				A1B2C3D4E5F60001000306AA /* GitChangesListView.swift */,
				A1B2C3D4E5F60001000308AA /* GitGraphListView.swift */,
				A1B2C3D4E5F60001000310AA /* GitDiffView.swift */,
				A1B2C3D4E5F60001000404AA /* FileExplorerView.swift */,
				A1B2C3D4E5F60001000406AA /* FileExplorerRowView.swift */,
				A1B2C3D4E5F60001000408AA /* FileEditorView.swift */,
				A1B2C3D4E5F60001000502AA /* ConnectionQualityView.swift */,
				A1B2C3D4E5F60001000603AA /* SlashCommandMenu.swift */,
				A1B2C3D4E5F60001000701AA /* MessageBubble.swift */,
				A1B2C3D4E5F60001000703AA /* ToolGroupView.swift */,
				A1B2C3D4E5F60001000801AA /* ActivityIndicatorView.swift */,
			);
			path = Views;
			sourceTree = "<group>";
		};
		A1B2C3D4E5F60001000057AA /* ViewModels */ = {
			isa = PBXGroup;
			children = (
				A1B2C3D4E5F60001000022AA /* SessionViewModel.swift */,
				A1B2C3D4E5F60001000201AA /* SessionViewModel+Lifecycle.swift */,
				A1B2C3D4E5F60001000203AA /* SessionViewModel+Pairing.swift */,
				A1B2C3D4E5F60001000205AA /* SessionViewModel+Commands.swift */,
				A1B2C3D4E5F60001000207AA /* SessionViewModel+EventHandlers.swift */,
				A1B2C3D4E5F60001000209AA /* SessionViewModel+EngineEvents.swift */,
			);
			path = ViewModels;
			sourceTree = "<group>";
		};
		A1B2C3D4E5F60001000059AA /* IonRemoteTests */ = {
			isa = PBXGroup;
			children = (
				A1B2C3D4E5F60001000241AA /* NormalizedEventStreamTests.swift */,
				A1B2C3D4E5F60001000243AA /* NormalizedEventPermissionTests.swift */,
				A1B2C3D4E5F60001000245AA /* NormalizedEventLifecycleTests.swift */,
				A1B2C3D4E5F60001000247AA /* NormalizedEventTerminalTests.swift */,
				A1B2C3D4E5F60001000028AA /* E2ECryptoTests.swift */,
				A1B2C3D4E5F6000100002AAA /* TransportManagerTests.swift */,
				A1B2C3D4E5F6000100002CAA /* RelayClientTests.swift */,
			);
			path = IonRemoteTests;
			sourceTree = "<group>";
		};
		A1B2C3D4E5F60001000060AA /* Products */ = {
			isa = PBXGroup;
			children = (
				A1B2C3D4E5F60001000032AA /* IonRemote.app */,
				A1B2C3D4E5F60001000033AA /* IonRemoteTests.xctest */,
			);
			name = Products;
			sourceTree = "<group>";
		};
		A1B2C3D4E5F600010000C4AA /* Fonts */ = {
			isa = PBXGroup;
			children = (
				A1B2C3D4E5F600010000C1AA /* JetBrainsMonoNLNerdFontMono-Regular.ttf */,
				A1B2C3D4E5F600010000C3AA /* OFL.txt */,
			);
			path = Fonts;
			sourceTree = "<group>";
		};
		A1B2C3D4E5F600010000D4AA /* Utilities */ = {
			isa = PBXGroup;
			children = (
				A1B2C3D4E5F600010000D3AA /* AnsiParser.swift */,
				A1B2C3D4E5F600010000F7AA /* MarkdownFormatter.swift */,
				A1B2C3D4E5F60001000705AA /* ToolGrouping.swift */,
			);
			path = Utilities;
			sourceTree = "<group>";
		};
/* End PBXGroup section */

/* Begin PBXNativeTarget section */
		A1B2C3D4E5F60001000031AA /* IonRemote */ = {
			isa = PBXNativeTarget;
			buildConfigurationList = A1B2C3D4E5F60001000070AA /* Build configuration list for PBXNativeTarget "IonRemote" */;
			buildPhases = (
				A1B2C3D4E5F60001000061AA /* Sources */,
				A1B2C3D4E5F60001000040AA /* Frameworks */,
				A1B2C3D4E5F60001000062AA /* Resources */,
			);
			buildRules = (
			);
			dependencies = (
			);
			name = IonRemote;
			packageProductDependencies = (
				A1B2C3D4E5F600010000B1AA /* SwiftTerm */,
			);
			productName = IonRemote;
			productReference = A1B2C3D4E5F60001000032AA /* IonRemote.app */;
			productType = "com.apple.product-type.application";
		};
		A1B2C3D4E5F60001000034AA /* IonRemoteTests */ = {
			isa = PBXNativeTarget;
			buildConfigurationList = A1B2C3D4E5F60001000071AA /* Build configuration list for PBXNativeTarget "IonRemoteTests" */;
			buildPhases = (
				A1B2C3D4E5F60001000063AA /* Sources */,
				A1B2C3D4E5F60001000041AA /* Frameworks */,
			);
			buildRules = (
			);
			dependencies = (
				A1B2C3D4E5F60001000035AA /* PBXTargetDependency */,
			);
			name = IonRemoteTests;
			productName = IonRemoteTests;
			productReference = A1B2C3D4E5F60001000033AA /* IonRemoteTests.xctest */;
			productType = "com.apple.product-type.bundle.unit-test";
		};
/* End PBXNativeTarget section */

/* Begin PBXProject section */
		A1B2C3D4E5F60001000030AA /* Project object */ = {
			isa = PBXProject;
			attributes = {
				BuildIndependentTargetsInParallel = 1;
				LastSwiftUpdateCheck = 1500;
				LastUpgradeCheck = 1500;
				TargetAttributes = {
					A1B2C3D4E5F60001000031AA = {
						CreatedOnToolsVersion = 15.0;
					};
					A1B2C3D4E5F60001000034AA = {
						CreatedOnToolsVersion = 15.0;
						TestTargetID = A1B2C3D4E5F60001000031AA;
					};
				};
			};
			buildConfigurationList = A1B2C3D4E5F60001000072AA /* Build configuration list for PBXProject "IonRemote" */;
			compatibilityVersion = "Xcode 14.0";
			developmentRegion = en;
			hasScannedForEncodings = 0;
			knownRegions = (
				en,
				Base,
			);
			mainGroup = A1B2C3D4E5F60001000050AA;
			packageReferences = (
				A1B2C3D4E5F600010000B2AA /* XCRemoteSwiftPackageReference "SwiftTerm" */,
			);
			productRefGroup = A1B2C3D4E5F60001000060AA /* Products */;
			projectDirPath = "";
			projectRoot = "";
			targets = (
				A1B2C3D4E5F60001000031AA /* IonRemote */,
				A1B2C3D4E5F60001000034AA /* IonRemoteTests */,
			);
		};
/* End PBXProject section */

/* Begin PBXResourcesBuildPhase section */
		A1B2C3D4E5F60001000062AA /* Resources */ = {
			isa = PBXResourcesBuildPhase;
			buildActionMask = 2147483647;
			files = (
				A1B2C3D4E5F60001000023AA /* Assets.xcassets in Resources */,
				A1B2C3D4E5F600010000C0AA /* JetBrainsMonoNLNerdFontMono-Regular.ttf in Resources */,
				A1B2C3D4E5F600010000C2AA /* OFL.txt in Resources */,
			);
			runOnlyForDeploymentPostprocessing = 0;
		};
/* End PBXResourcesBuildPhase section */

/* Begin PBXSourcesBuildPhase section */
		A1B2C3D4E5F60001000061AA /* Sources */ = {
			isa = PBXSourcesBuildPhase;
			buildActionMask = 2147483647;
			files = (
				A1B2C3D4E5F60001000001AA /* IonRemoteApp.swift in Sources */,
				A1B2C3D4E5F60001000003AA /* NormalizedEvent.swift in Sources */,
				A1B2C3D4E5F60001000005AA /* RemoteTabState.swift in Sources */,
				A1B2C3D4E5F60001000007AA /* RemoteCommand.swift in Sources */,
				A1B2C3D4E5F60001000009AA /* PairedDevice.swift in Sources */,
				A1B2C3D4E5F60001000090AA /* Message.swift in Sources */,
				A1B2C3D4E5F60001000092AA /* MessageAttachment.swift in Sources */,
				A1B2C3D4E5F6000100000BAA /* RelayClient.swift in Sources */,
				A1B2C3D4E5F6000100000DAA /* LANClient.swift in Sources */,
				A1B2C3D4E5F6000100000FAA /* TransportManager.swift in Sources */,
				A1B2C3D4E5F60001000011AA /* BonjourBrowser.swift in Sources */,
				A1B2C3D4E5F60001000013AA /* E2ECrypto.swift in Sources */,
				A1B2C3D4E5F60001000015AA /* KeychainStore.swift in Sources */,
				A1B2C3D4E5F60001000017AA /* TabListView.swift in Sources */,
				A1B2C3D4E5F60001000019AA /* ConversationView.swift in Sources */,
				A1B2C3D4E5F6000100001BAA /* PermissionCardView.swift in Sources */,
				A1B2C3D4E5F60001000096AA /* AskUserQuestionCardView.swift in Sources */,
				A1B2C3D4E5F60001000098AA /* PlanApprovalCardView.swift in Sources */,
				A1B2C3D4E5F6000100001DAA /* PairingView.swift in Sources */,
				A1B2C3D4E5F6000100001FAA /* SettingsView.swift in Sources */,
				A1B2C3D4E5F60001000094AA /* InputBar.swift in Sources */,
				A1B2C3D4E5F60001000021AA /* SessionViewModel.swift in Sources */,
				A1B2C3D4E5F60001000200AA /* SessionViewModel+Lifecycle.swift in Sources */,
				A1B2C3D4E5F60001000202AA /* SessionViewModel+Pairing.swift in Sources */,
				A1B2C3D4E5F60001000204AA /* SessionViewModel+Commands.swift in Sources */,
				A1B2C3D4E5F60001000206AA /* SessionViewModel+EventHandlers.swift in Sources */,
				A1B2C3D4E5F60001000208AA /* SessionViewModel+EngineEvents.swift in Sources */,
				A1B2C3D4E5F60001000220AA /* TransportManager+Send.swift in Sources */,
				A1B2C3D4E5F60001000222AA /* TransportManager+Receive.swift in Sources */,
				A1B2C3D4E5F60001000230AA /* NormalizedEvent+Lifecycle.swift in Sources */,
				A1B2C3D4E5F60001000232AA /* NormalizedEvent+Stream.swift in Sources */,
				A1B2C3D4E5F60001000234AA /* NormalizedEvent+Permission.swift in Sources */,
				A1B2C3D4E5F60001000236AA /* NormalizedEvent+Terminal.swift in Sources */,
				A1B2C3D4E5F60001000238AA /* NormalizedEvent+Engine.swift in Sources */,
				A1B2C3D4E5F60001000303AA /* NormalizedEvent+Git.swift in Sources */,
				A1B2C3D4E5F60001000301AA /* GitTypes.swift in Sources */,
				A1B2C3D4E5F60001000305AA /* GitPaneView.swift in Sources */,
				A1B2C3D4E5F60001000307AA /* GitChangesListView.swift in Sources */,
				A1B2C3D4E5F60001000309AA /* GitGraphListView.swift in Sources */,
				A1B2C3D4E5F60001000311AA /* GitDiffView.swift in Sources */,
				A1B2C3D4E5F60001000401AA /* FileTypes.swift in Sources */,
				A1B2C3D4E5F60001000403AA /* NormalizedEvent+Files.swift in Sources */,
				A1B2C3D4E5F60001000405AA /* FileExplorerView.swift in Sources */,
				A1B2C3D4E5F60001000407AA /* FileExplorerRowView.swift in Sources */,
				A1B2C3D4E5F60001000409AA /* FileEditorView.swift in Sources */,
				A1B2C3D4E5F600010000A0AA /* TerminalOutputRouter.swift in Sources */,
				A1B2C3D4E5F600010000A2AA /* SwiftTermWrapper.swift in Sources */,
				A1B2C3D4E5F600010000A4AA /* RemoteTerminalView.swift in Sources */,
				A1B2C3D4E5F600010000A6AA /* TerminalInstanceBar.swift in Sources */,
				A1B2C3D4E5F600010000D0AA /* EngineView.swift in Sources */,
				A1B2C3D4E5F600010000F4AA /* EngineInstanceBar.swift in Sources */,
				A1B2C3D4E5F600010000D2AA /* AnsiParser.swift in Sources */,
				A1B2C3D4E5F600010000E0AA /* AgentBarRow.swift in Sources */,
				A1B2C3D4E5F600010000E2AA /* EngineFooterView.swift in Sources */,
				A1B2C3D4E5F600010000F0AA /* EngineProfile.swift in Sources */,
				A1B2C3D4E5F600010000F2AA /* KeyboardUtilityBar.swift in Sources */,
				A1B2C3D4E5F600010000F6AA /* MarkdownFormatter.swift in Sources */,
				A1B2C3D4E5F600010000F8AA /* PlanFullScreenView.swift in Sources */,
				A1B2C3D4E5F600010000FAAA /* MarkdownContentView.swift in Sources */,
				A1B2C3D4E5F60001000501AA /* ConnectionQuality.swift in Sources */,
				A1B2C3D4E5F60001000503AA /* ConnectionQualityView.swift in Sources */,
				A1B2C3D4E5F60001000600AA /* DiscoveredSlashCommand.swift in Sources */,
				A1B2C3D4E5F60001000602AA /* SlashCommandMenu.swift in Sources */,
				A1B2C3D4E5F60001000700AA /* MessageBubble.swift in Sources */,
				A1B2C3D4E5F60001000702AA /* ToolGroupView.swift in Sources */,
				A1B2C3D4E5F60001000704AA /* ToolGrouping.swift in Sources */,
				A1B2C3D4E5F60001000800AA /* ActivityIndicatorView.swift in Sources */,
			);
			runOnlyForDeploymentPostprocessing = 0;
		};
		A1B2C3D4E5F60001000063AA /* Sources */ = {
			isa = PBXSourcesBuildPhase;
			buildActionMask = 2147483647;
			files = (
				A1B2C3D4E5F60001000240AA /* NormalizedEventStreamTests.swift in Sources */,
				A1B2C3D4E5F60001000242AA /* NormalizedEventPermissionTests.swift in Sources */,
				A1B2C3D4E5F60001000244AA /* NormalizedEventLifecycleTests.swift in Sources */,
				A1B2C3D4E5F60001000246AA /* NormalizedEventTerminalTests.swift in Sources */,
				A1B2C3D4E5F60001000027AA /* E2ECryptoTests.swift in Sources */,
				A1B2C3D4E5F60001000029AA /* TransportManagerTests.swift in Sources */,
				A1B2C3D4E5F6000100002BAA /* RelayClientTests.swift in Sources */,
			);
			runOnlyForDeploymentPostprocessing = 0;
		};
/* End PBXSourcesBuildPhase section */

/* Begin PBXTargetDependency section */
		A1B2C3D4E5F60001000035AA /* PBXTargetDependency */ = {
			isa = PBXTargetDependency;
			target = A1B2C3D4E5F60001000031AA /* IonRemote */;
			targetProxy = A1B2C3D4E5F6000100002DAA /* PBXContainerItemProxy */;
		};
/* End PBXTargetDependency section */

/* Begin XCBuildConfiguration section */
		A1B2C3D4E5F60001000080AA /* Debug */ = {
			isa = XCBuildConfiguration;
			buildSettings = {
				ALWAYS_SEARCH_USER_PATHS = NO;
				ASSETCATALOG_COMPILER_GENERATE_SWIFT_ASSET_SYMBOL_EXTENSIONS = YES;
				CLANG_ANALYZER_NONNULL = YES;
				CLANG_ANALYZER_NUMBER_OBJECT_CONVERSION = YES_AGGRESSIVE;
				CLANG_CXX_LANGUAGE_STANDARD = "gnu++20";
				CLANG_ENABLE_MODULES = YES;
				CLANG_ENABLE_OBJC_ARC = YES;
				CLANG_ENABLE_OBJC_WEAK = YES;
				CLANG_WARN_BLOCK_CAPTURE_AUTORELEASING = YES;
				CLANG_WARN_BOOL_CONVERSION = YES;
				CLANG_WARN_COMMA = YES;
				CLANG_WARN_CONSTANT_CONVERSION = YES;
				CLANG_WARN_DEPRECATED_OBJC_IMPLEMENTATIONS = YES;
				CLANG_WARN_DIRECT_OBJC_ISA_USAGE = YES_ERROR;
				CLANG_WARN_DOCUMENTATION_COMMENTS = YES;
				CLANG_WARN_EMPTY_BODY = YES;
				CLANG_WARN_ENUM_CONVERSION = YES;
				CLANG_WARN_INFINITE_RECURSION = YES;
				CLANG_WARN_INT_CONVERSION = YES;
				CLANG_WARN_NON_LITERAL_NULL_CONVERSION = YES;
				CLANG_WARN_OBJC_IMPLICIT_RETAIN_SELF = YES;
				CLANG_WARN_OBJC_LITERAL_CONVERSION = YES;
				CLANG_WARN_OBJC_ROOT_CLASS = YES_ERROR;
				CLANG_WARN_QUOTED_INCLUDE_IN_FRAMEWORK_HEADER = YES;
				CLANG_WARN_RANGE_LOOP_ANALYSIS = YES;
				CLANG_WARN_STRICT_PROTOTYPES = YES;
				CLANG_WARN_SUSPICIOUS_MOVE = YES;
				CLANG_WARN_UNGUARDED_AVAILABILITY = YES_AGGRESSIVE;
				CLANG_WARN_UNREACHABLE_CODE = YES;
				CLANG_WARN__DUPLICATE_METHOD_MATCH = YES;
				COPY_PHASE_STRIP = NO;
				DEBUG_INFORMATION_FORMAT = dwarf;
				ENABLE_STRICT_OBJC_MSGSEND = YES;
				ENABLE_TESTABILITY = YES;
				ENABLE_USER_SCRIPT_SANDBOXING = YES;
				GCC_C_LANGUAGE_STANDARD = gnu17;
				GCC_DYNAMIC_NO_PIC = NO;
				GCC_NO_COMMON_BLOCKS = YES;
				GCC_OPTIMIZATION_LEVEL = 0;
				GCC_PREPROCESSOR_DEFINITIONS = (
					"DEBUG=1",
					"$(inherited)",
				);
				GCC_WARN_64_TO_32_BIT_CONVERSION = YES;
				GCC_WARN_ABOUT_RETURN_TYPE = YES_ERROR;
				GCC_WARN_UNDECLARED_SELECTOR = YES;
				GCC_WARN_UNINITIALIZED_AUTOS = YES_AGGRESSIVE;
				GCC_WARN_UNUSED_FUNCTION = YES;
				GCC_WARN_UNUSED_VARIABLE = YES;
				IPHONEOS_DEPLOYMENT_TARGET = 17.0;
				LOCALIZATION_PREFERS_STRING_CATALOGS = YES;
				MTL_ENABLE_DEBUG_INFO = INCLUDE_SOURCE;
				MTL_FAST_MATH = YES;
				ONLY_ACTIVE_ARCH = YES;
				SDKROOT = iphoneos;
				SWIFT_ACTIVE_COMPILATION_CONDITIONS = "$(inherited) DEBUG";
				SWIFT_OPTIMIZATION_LEVEL = "-Onone";
				SWIFT_STRICT_CONCURRENCY = complete;
				SWIFT_VERSION = 5.0;
			};
			name = Debug;
		};
		A1B2C3D4E5F60001000081AA /* Release */ = {
			isa = XCBuildConfiguration;
			buildSettings = {
				ALWAYS_SEARCH_USER_PATHS = NO;
				ASSETCATALOG_COMPILER_GENERATE_SWIFT_ASSET_SYMBOL_EXTENSIONS = YES;
				CLANG_ANALYZER_NONNULL = YES;
				CLANG_ANALYZER_NUMBER_OBJECT_CONVERSION = YES_AGGRESSIVE;
				CLANG_CXX_LANGUAGE_STANDARD = "gnu++20";
				CLANG_ENABLE_MODULES = YES;
				CLANG_ENABLE_OBJC_ARC = YES;
				CLANG_ENABLE_OBJC_WEAK = YES;
				CLANG_WARN_BLOCK_CAPTURE_AUTORELEASING = YES;
				CLANG_WARN_BOOL_CONVERSION = YES;
				CLANG_WARN_COMMA = YES;
				CLANG_WARN_CONSTANT_CONVERSION = YES;
				CLANG_WARN_DEPRECATED_OBJC_IMPLEMENTATIONS = YES;
				CLANG_WARN_DIRECT_OBJC_ISA_USAGE = YES_ERROR;
				CLANG_WARN_DOCUMENTATION_COMMENTS = YES;
				CLANG_WARN_EMPTY_BODY = YES;
				CLANG_WARN_ENUM_CONVERSION = YES;
				CLANG_WARN_INFINITE_RECURSION = YES;
				CLANG_WARN_INT_CONVERSION = YES;
				CLANG_WARN_NON_LITERAL_NULL_CONVERSION = YES;
				CLANG_WARN_OBJC_IMPLICIT_RETAIN_SELF = YES;
				CLANG_WARN_OBJC_LITERAL_CONVERSION = YES;
				CLANG_WARN_OBJC_ROOT_CLASS = YES_ERROR;
				CLANG_WARN_QUOTED_INCLUDE_IN_FRAMEWORK_HEADER = YES;
				CLANG_WARN_RANGE_LOOP_ANALYSIS = YES;
				CLANG_WARN_STRICT_PROTOTYPES = YES;
				CLANG_WARN_SUSPICIOUS_MOVE = YES;
				CLANG_WARN_UNGUARDED_AVAILABILITY = YES_AGGRESSIVE;
				CLANG_WARN_UNREACHABLE_CODE = YES;
				CLANG_WARN__DUPLICATE_METHOD_MATCH = YES;
				COPY_PHASE_STRIP = NO;
				DEBUG_INFORMATION_FORMAT = "dwarf-with-dsym";
				ENABLE_NS_ASSERTIONS = NO;
				ENABLE_STRICT_OBJC_MSGSEND = YES;
				ENABLE_USER_SCRIPT_SANDBOXING = YES;
				GCC_C_LANGUAGE_STANDARD = gnu17;
				GCC_NO_COMMON_BLOCKS = YES;
				GCC_WARN_64_TO_32_BIT_CONVERSION = YES;
				GCC_WARN_ABOUT_RETURN_TYPE = YES_ERROR;
				GCC_WARN_UNDECLARED_SELECTOR = YES;
				GCC_WARN_UNINITIALIZED_AUTOS = YES_AGGRESSIVE;
				GCC_WARN_UNUSED_FUNCTION = YES;
				GCC_WARN_UNUSED_VARIABLE = YES;
				IPHONEOS_DEPLOYMENT_TARGET = 17.0;
				LOCALIZATION_PREFERS_STRING_CATALOGS = YES;
				MTL_ENABLE_DEBUG_INFO = NO;
				MTL_FAST_MATH = YES;
				SDKROOT = iphoneos;
				SWIFT_COMPILATION_MODE = wholemodule;
				SWIFT_STRICT_CONCURRENCY = complete;
				SWIFT_VERSION = 5.0;
				VALIDATE_PRODUCT = YES;
			};
			name = Release;
		};
		A1B2C3D4E5F60001000082AA /* Debug */ = {
			isa = XCBuildConfiguration;
			buildSettings = {
				ASSETCATALOG_COMPILER_APPICON_NAME = AppIcon;
				CODE_SIGN_ENTITLEMENTS = IonRemote/App/IonRemote.entitlements;
				CODE_SIGN_IDENTITY = "Apple Development";
				CODE_SIGN_STYLE = Automatic;
				CURRENT_PROJECT_VERSION = 1;
				DEVELOPMENT_TEAM = P6UU9VHF7D;
				INFOPLIST_FILE = IonRemote/App/Info.plist;
				IPHONEOS_DEPLOYMENT_TARGET = 17.0;
				LD_RUNPATH_SEARCH_PATHS = (
					"$(inherited)",
					"@executable_path/Frameworks",
				);
				MARKETING_VERSION = 1.0;
				PRODUCT_BUNDLE_IDENTIFIER = com.sprague.ion.mobile;
				PRODUCT_NAME = "$(TARGET_NAME)";
				PROVISIONING_PROFILE_SPECIFIER = "";
				SWIFT_EMIT_LOC_STRINGS = YES;
				SWIFT_STRICT_CONCURRENCY = complete;
				SWIFT_VERSION = 5.0;
				TARGETED_DEVICE_FAMILY = 1;
			};
			name = Debug;
		};
		A1B2C3D4E5F60001000083AA /* Release */ = {
			isa = XCBuildConfiguration;
			buildSettings = {
				ASSETCATALOG_COMPILER_APPICON_NAME = AppIcon;
				CODE_SIGN_ENTITLEMENTS = IonRemote/App/IonRemote.entitlements;
				CODE_SIGN_IDENTITY = "Apple Development";
				CODE_SIGN_STYLE = Automatic;
				CURRENT_PROJECT_VERSION = 1;
				DEVELOPMENT_TEAM = P6UU9VHF7D;
				INFOPLIST_FILE = IonRemote/App/Info.plist;
				IPHONEOS_DEPLOYMENT_TARGET = 17.0;
				LD_RUNPATH_SEARCH_PATHS = (
					"$(inherited)",
					"@executable_path/Frameworks",
				);
				MARKETING_VERSION = 1.0;
				PRODUCT_BUNDLE_IDENTIFIER = com.sprague.ion.mobile;
				PRODUCT_NAME = "$(TARGET_NAME)";
				PROVISIONING_PROFILE_SPECIFIER = "";
				SWIFT_EMIT_LOC_STRINGS = YES;
				SWIFT_STRICT_CONCURRENCY = complete;
				SWIFT_VERSION = 5.0;
				TARGETED_DEVICE_FAMILY = 1;
			};
			name = Release;
		};
		A1B2C3D4E5F60001000084AA /* Debug */ = {
			isa = XCBuildConfiguration;
			buildSettings = {
				BUNDLE_LOADER = "$(TEST_HOST)";
				CODE_SIGN_STYLE = Automatic;
				CURRENT_PROJECT_VERSION = 1;
				DEVELOPMENT_TEAM = "";
				ENABLE_TESTING_SEARCH_PATHS = YES;
				GENERATE_INFOPLIST_FILE = YES;
				IPHONEOS_DEPLOYMENT_TARGET = 17.0;
				MARKETING_VERSION = 1.0;
				PRODUCT_BUNDLE_IDENTIFIER = com.ion.remote.tests;
				PRODUCT_NAME = "$(TARGET_NAME)";
				SWIFT_EMIT_LOC_STRINGS = NO;
				SWIFT_STRICT_CONCURRENCY = complete;
				SWIFT_VERSION = 5.0;
				TARGETED_DEVICE_FAMILY = 1;
				TEST_HOST = "$(BUILT_PRODUCTS_DIR)/IonRemote.app/$(BUNDLE_EXECUTABLE_FOLDER_PATH)/IonRemote";
			};
			name = Debug;
		};
		A1B2C3D4E5F60001000085AA /* Release */ = {
			isa = XCBuildConfiguration;
			buildSettings = {
				BUNDLE_LOADER = "$(TEST_HOST)";
				CODE_SIGN_STYLE = Automatic;
				CURRENT_PROJECT_VERSION = 1;
				DEVELOPMENT_TEAM = "";
				ENABLE_TESTING_SEARCH_PATHS = YES;
				GENERATE_INFOPLIST_FILE = YES;
				IPHONEOS_DEPLOYMENT_TARGET = 17.0;
				MARKETING_VERSION = 1.0;
				PRODUCT_BUNDLE_IDENTIFIER = com.ion.remote.tests;
				PRODUCT_NAME = "$(TARGET_NAME)";
				SWIFT_EMIT_LOC_STRINGS = NO;
				SWIFT_STRICT_CONCURRENCY = complete;
				SWIFT_VERSION = 5.0;
				TARGETED_DEVICE_FAMILY = 1;
				TEST_HOST = "$(BUILT_PRODUCTS_DIR)/IonRemote.app/$(BUNDLE_EXECUTABLE_FOLDER_PATH)/IonRemote";
			};
			name = Release;
		};
/* End XCBuildConfiguration section */

/* Begin XCConfigurationList section */
		A1B2C3D4E5F60001000070AA /* Build configuration list for PBXNativeTarget "IonRemote" */ = {
			isa = XCConfigurationList;
			buildConfigurations = (
				A1B2C3D4E5F60001000082AA /* Debug */,
				A1B2C3D4E5F60001000083AA /* Release */,
			);
			defaultConfigurationIsVisible = 0;
			defaultConfigurationName = Release;
		};
		A1B2C3D4E5F60001000071AA /* Build configuration list for PBXNativeTarget "IonRemoteTests" */ = {
			isa = XCConfigurationList;
			buildConfigurations = (
				A1B2C3D4E5F60001000084AA /* Debug */,
				A1B2C3D4E5F60001000085AA /* Release */,
			);
			defaultConfigurationIsVisible = 0;
			defaultConfigurationName = Release;
		};
		A1B2C3D4E5F60001000072AA /* Build configuration list for PBXProject "IonRemote" */ = {
			isa = XCConfigurationList;
			buildConfigurations = (
				A1B2C3D4E5F60001000080AA /* Debug */,
				A1B2C3D4E5F60001000081AA /* Release */,
			);
			defaultConfigurationIsVisible = 0;
			defaultConfigurationName = Release;
		};
/* End XCConfigurationList section */

/* Begin XCRemoteSwiftPackageReference section */
		A1B2C3D4E5F600010000B2AA /* XCRemoteSwiftPackageReference "SwiftTerm" */ = {
			isa = XCRemoteSwiftPackageReference;
			repositoryURL = "https://github.com/migueldeicaza/SwiftTerm";
			requirement = {
				kind = upToNextMajorVersion;
				minimumVersion = 1.2.0;
			};
		};
/* End XCRemoteSwiftPackageReference section */

/* Begin XCSwiftPackageProductDependency section */
		A1B2C3D4E5F600010000B1AA /* SwiftTerm */ = {
			isa = XCSwiftPackageProductDependency;
			package = A1B2C3D4E5F600010000B2AA /* XCRemoteSwiftPackageReference "SwiftTerm" */;
			productName = SwiftTerm;
		};
/* End XCSwiftPackageProductDependency section */
	};
	rootObject = A1B2C3D4E5F60001000030AA /* Project object */;
}
